
Microsoft Visual Studio Solution File, Format Version 11.00
# Visual Studio 2010
Project("{FAE04EC0-301F-11D3-BF4B-00C04F79EFBC}") = "HalconTest", "HalconTest\HalconTest.csproj", "{2191477C-16B9-40A1-8F0C-1704A3691FB4}"
EndProject
Global
	GlobalSection(SolutionConfigurationPlatforms) = preSolution
		Debug|Any CPU = Debug|Any CPU
		Debug|x86 = Debug|x86
		Release|Any CPU = Release|Any CPU
		Release|x86 = Release|x86
	EndGlobalSection
	GlobalSection(ProjectConfigurationPlatforms) = postSolution
		{2191477C-16B9-40A1-8F0C-1704A3691FB4}.Debug|Any CPU.ActiveCfg = Debug|Any CPU
		{2191477C-16B9-40A1-8F0C-1704A3691FB4}.Debug|Any CPU.Build.0 = Debug|Any CPU
		{2191477C-16B9-40A1-8F0C-1704A3691FB4}.Debug|x86.ActiveCfg = Debug|x86
		{2191477C-16B9-40A1-8F0C-1704A3691FB4}.Debug|x86.Build.0 = Debug|x86
		{2191477C-16B9-40A1-8F0C-1704A3691FB4}.Release|Any CPU.ActiveCfg = Release|Any CPU
		{2191477C-16B9-40A1-8F0C-1704A3691FB4}.Release|Any CPU.Build.0 = Release|Any CPU
		{2191477C-16B9-40A1-8F0C-1704A3691FB4}.Release|x86.ActiveCfg = Release|x86
		{2191477C-16B9-40A1-8F0C-1704A3691FB4}.Release|x86.Build.0 = Release|x86
	EndGlobalSection
	GlobalSection(SolutionProperties) = preSolution
		HideSolutionNode = FALSE
	EndGlobalSection
EndGlobal
